
Microsoft Visual Studio Solution File, Format Version 12.00
# Visual Studio Version 17
VisualStudioVersion = 17.5.002.0
MinimumVisualStudioVersion = 10.0.40219.1
Project("{9A19103F-16F7-4668-BE54-9A1E7A4F7556}") = "ReverseString", "ReverseString.csproj", "{25DF7CD1-4A1A-48F9-B8BE-DF69235C128A}"
EndProject
Project("{2150E333-8FDC-42A3-9474-1A3956D46DE8}") = "SolutionItems", "SolutionItems", "{E9B9114F-D7E9-459D-9CC2-FEB162BB643A}"
	ProjectSection(SolutionItems) = preProject
		README.md = README.md
	EndProjectSection
EndProject
Global
	GlobalSection(SolutionConfigurationPlatforms) = preSolution
		Debug|Any CPU = Debug|Any CPU
		Release|Any CPU = Release|Any CPU
	EndGlobalSection
	GlobalSection(ProjectConfigurationPlatforms) = postSolution
		{25DF7CD1-4A1A-48F9-B8BE-DF69235C128A}.Debug|Any CPU.ActiveCfg = Debug|Any CPU
		{25DF7CD1-4A1A-48F9-B8BE-DF69235C128A}.Debug|Any CPU.Build.0 = Debug|Any CPU
		{25DF7CD1-4A1A-48F9-B8BE-DF69235C128A}.Release|Any CPU.ActiveCfg = Release|Any CPU
		{25DF7CD1-4A1A-48F9-B8BE-DF69235C128A}.Release|Any CPU.Build.0 = Release|Any CPU
	EndGlobalSection
	GlobalSection(SolutionProperties) = preSolution
		HideSolutionNode = FALSE
	EndGlobalSection
	GlobalSection(ExtensibilityGlobals) = postSolution
		SolutionGuid = {3F315FCF-5B32-4459-BA89-5A211B0B822F}
	EndGlobalSection
EndGlobal
